{
    "_readme": [
        "This file locks the dependencies of your project to a known state",
        "Read more about it at http://getcomposer.org/doc/01-basic-usage.md#composer-lock-the-lock-file",
        "This file is @generated automatically"
    ],
    "hash": "a1160b79efce1312d50fffd175d68edb",
    "packages": [
        {
            "name": "composer/installers",
            "version": "v1.0.20",
            "source": {
                "type": "git",
                "url": "https://github.com/composer/installers.git",
                "reference": "1bff8aa77a18f3616f468ed8000cf86a5725bac3"
            },
            "dist": {
                "type": "zip",
                "url": "https://api.github.com/repos/composer/installers/zipball/1bff8aa77a18f3616f468ed8000cf86a5725bac3",
                "reference": "1bff8aa77a18f3616f468ed8000cf86a5725bac3",
                "shasum": ""
            },
            "replace": {
                "roundcube/plugin-installer": "*",
                "shama/baton": "*"
            },
            "require-dev": {
                "composer/composer": "1.0.*@dev",
                "phpunit/phpunit": "4.1.*"
            },
            "type": "composer-installer",
            "extra": {
                "class": "Composer\\Installers\\Installer",
                "branch-alias": {
                    "dev-master": "1.0-dev"
                }
            },
            "autoload": {
                "psr-0": {
                    "Composer\\Installers\\": "src/"
                }
            },
            "notification-url": "https://packagist.org/downloads/",
            "license": [
                "MIT"
            ],
            "authors": [
                {
                    "name": "Kyle Robinson Young",
                    "email": "kyle@dontkry.com",
                    "homepage": "https://github.com/shama"
                }
            ],
            "description": "A multi-framework Composer library installer",
            "homepage": "http://composer.github.com/installers/",
            "keywords": [
                "Craft",
                "Dolibarr",
                "Hurad",
                "MODX Evo",
                "OXID",
                "SMF",
                "Thelia",
                "WolfCMS",
                "agl",
                "annotatecms",
                "bitrix",
                "cakephp",
                "chef",
                "codeigniter",
                "concrete5",
                "croogo",
                "dokuwiki",
                "drupal",
                "elgg",
                "fuelphp",
                "grav",
                "installer",
                "joomla",
                "kohana",
                "laravel",
                "lithium",
                "magento",
                "mako",
                "mediawiki",
                "modulework",
                "moodle",
                "phpbb",
                "piwik",
                "ppi",
                "puppet",
                "roundcube",
                "shopware",
                "silverstripe",
                "symfony",
                "typo3",
                "wordpress",
                "zend",
                "zikula"
            ],
            "time": "2015-01-11 03:51:11"
        },
        {
            "name": "wpackagist-plugin/advanced-custom-fields",
            "version": "4.3.9",
            "source": {
                "type": "svn",
                "url": "http://plugins.svn.wordpress.org/advanced-custom-fields/",
                "reference": "trunk"
            },
            "dist": {
                "type": "zip",
                "url": "http://downloads.wordpress.org/plugin/advanced-custom-fields.zip",
                "reference": null,
                "shasum": null
            },
            "require": {
                "composer/installers": "~1.0"
            },
            "replace": {
                "wpackagist/advanced-custom-fields": "self.version"
            },
            "type": "wordpress-plugin",
            "homepage": "http://wordpress.org/plugins/advanced-custom-fields/"
        },
        {
            "name": "wpackagist-plugin/json-rest-api",
            "version": "1.1.1",
            "source": {
                "type": "svn",
                "url": "http://plugins.svn.wordpress.org/json-rest-api/",
                "reference": "tags/1.1.1"
            },
            "dist": {
                "type": "zip",
                "url": "http://downloads.wordpress.org/plugin/json-rest-api.1.1.1.zip",
                "reference": null,
                "shasum": null
            },
            "require": {
                "composer/installers": "~1.0"
            },
            "replace": {
                "wpackagist/json-rest-api": "self.version"
            },
            "type": "wordpress-plugin",
            "homepage": "http://wordpress.org/plugins/json-rest-api/"
        },
        {
            "name": "wpackagist-plugin/radio-buttons-for-taxonomies",
            "version": "1.7.1",
            "source": {
                "type": "svn",
                "url": "http://plugins.svn.wordpress.org/radio-buttons-for-taxonomies/",
                "reference": "tags/1.7.1"
            },
            "dist": {
                "type": "zip",
                "url": "http://downloads.wordpress.org/plugin/radio-buttons-for-taxonomies.1.7.1.zip",
                "reference": null,
                "shasum": null
            },
            "require": {
                "composer/installers": "~1.0"
            },
            "type": "wordpress-plugin",
            "homepage": "https://wordpress.org/plugins/radio-buttons-for-taxonomies/"
        }
    ],
    "packages-dev": [],
    "aliases": [],
    "minimum-stability": "stable",
    "stability-flags": [],
    "prefer-stable": false,
    "platform": {
        "php": ">=5.3.3"
    },
    "platform-dev": {
        "php": ">=5.3.3"
    }
}
